// !$*UTF8*$!
{
	archiveVersion = 1;
	classes = {
	};
	objectVersion = 46;
	objects = {

/* Begin PBXBuildFile section */
		3613D3961DE98C10000C8392 /* AdSupport.framework in Frameworks */ = {isa = PBXBuildFile; fileRef = 3613D3951DE98C0F000C8392 /* AdSupport.framework */; };
		3613D3981DE98C1B000C8392 /* AudioToolbox.framework in Frameworks */ = {isa = PBXBuildFile; fileRef = 3613D3971DE98C1B000C8392 /* AudioToolbox.framework */; };
		3613D39A1DE98C35000C8392 /* CoreGraphics.framework in Frameworks */ = {isa = PBXBuildFile; fileRef = 3613D3991DE98C35000C8392 /* CoreGraphics.framework */; };
		3613D39C1DE98C42000C8392 /* CoreTelephony.framework in Frameworks */ = {isa = PBXBuildFile; fileRef = 3613D39B1DE98C42000C8392 /* CoreTelephony.framework */; };
		3613D39E1DE98C4F000C8392 /* EventKit.framework in Frameworks */ = {isa = PBXBuildFile; fileRef = 3613D39D1DE98C4F000C8392 /* EventKit.framework */; };
		3613D3A01DE98C59000C8392 /* EventKitUI.framework in Frameworks */ = {isa = PBXBuildFile; fileRef = 3613D39F1DE98C59000C8392 /* EventKitUI.framework */; };
		3613D3A21DE98C66000C8392 /* MessageUI.framework in Frameworks */ = {isa = PBXBuildFile; fileRef = 3613D3A11DE98C66000C8392 /* MessageUI.framework */; };
		3613D3A41DE98C76000C8392 /* SystemConfiguration.framework in Frameworks */ = {isa = PBXBuildFile; fileRef = 3613D3A31DE98C76000C8392 /* SystemConfiguration.framework */; };
		3613D3A61DE99346000C8392 /* GoogleMobileAds.framework in Frameworks */ = {isa = PBXBuildFile; fileRef = 3613D3A51DE99346000C8392 /* GoogleMobileAds.framework */; };
		3613D3A91DE9EFBE000C8392 /* reset@2x.png in Resources */ = {isa = PBXBuildFile; fileRef = 3613D3A71DE9EFBE000C8392 /* reset@2x.png */; };
		3613D3AA1DE9EFBE000C8392 /* reset@3x.png in Resources */ = {isa = PBXBuildFile; fileRef = 3613D3A81DE9EFBE000C8392 /* reset@3x.png */; };
		3613D3BA1DEC2414000C8392 /* initial_logo@2x.jpg in Resources */ = {isa = PBXBuildFile; fileRef = 3613D3B81DEC2414000C8392 /* initial_logo@2x.jpg */; };
		3613D3BB1DEC2414000C8392 /* initial_logo@3x.jpg in Resources */ = {isa = PBXBuildFile; fileRef = 3613D3B91DEC2414000C8392 /* initial_logo@3x.jpg */; };
		3613D3BD1DEC99CE000C8392 /* porn.m4a in Resources */ = {isa = PBXBuildFile; fileRef = 3613D3BC1DEC9936000C8392 /* porn.m4a */; };
		362BAE6C1E069EAF002F17AB /* kai@2x.png in Resources */ = {isa = PBXBuildFile; fileRef = 362BAE6A1E069EAF002F17AB /* kai@2x.png */; };
		362BAE6D1E069EAF002F17AB /* kai@3x.png in Resources */ = {isa = PBXBuildFile; fileRef = 362BAE6B1E069EAF002F17AB /* kai@3x.png */; };
		362BAE7C1E089DB0002F17AB /* porn@2x.png in Resources */ = {isa = PBXBuildFile; fileRef = 362BAE7A1E089DB0002F17AB /* porn@2x.png */; };
		362BAE7D1E089DB0002F17AB /* porn@3x.png in Resources */ = {isa = PBXBuildFile; fileRef = 362BAE7B1E089DB0002F17AB /* porn@3x.png */; };
		362BAE801E090141002F17AB /* history@2x.png in Resources */ = {isa = PBXBuildFile; fileRef = 362BAE7E1E090141002F17AB /* history@2x.png */; };
		362BAE811E090141002F17AB /* history@3x.png in Resources */ = {isa = PBXBuildFile; fileRef = 362BAE7F1E090141002F17AB /* history@3x.png */; };
		3683C3191DE6F6B700995ADB /* AppDelegate.swift in Sources */ = {isa = PBXBuildFile; fileRef = 3683C3181DE6F6B700995ADB /* AppDelegate.swift */; };
		3683C31B1DE6F6B700995ADB /* ViewController.swift in Sources */ = {isa = PBXBuildFile; fileRef = 3683C31A1DE6F6B700995ADB /* ViewController.swift */; };
		3683C31E1DE6F6B700995ADB /* Main.storyboard in Resources */ = {isa = PBXBuildFile; fileRef = 3683C31C1DE6F6B700995ADB /* Main.storyboard */; };
		3683C3201DE6F6B700995ADB /* Assets.xcassets in Resources */ = {isa = PBXBuildFile; fileRef = 3683C31F1DE6F6B700995ADB /* Assets.xcassets */; };
		3683C3231DE6F6B700995ADB /* LaunchScreen.storyboard in Resources */ = {isa = PBXBuildFile; fileRef = 3683C3211DE6F6B700995ADB /* LaunchScreen.storyboard */; };
		3683C32E1DE6F6B800995ADB /* porrrrrrnTests.swift in Sources */ = {isa = PBXBuildFile; fileRef = 3683C32D1DE6F6B800995ADB /* porrrrrrnTests.swift */; };
		3683C3391DE6F6B800995ADB /* porrrrrrnUITests.swift in Sources */ = {isa = PBXBuildFile; fileRef = 3683C3381DE6F6B800995ADB /* porrrrrrnUITests.swift */; };
		3683C3491DE7E99E00995ADB /* AVFoundation.framework in Frameworks */ = {isa = PBXBuildFile; fileRef = 3683C3481DE7E99E00995ADB /* AVFoundation.framework */; };
		3683C34F1DE82F1200995ADB /* MediaPlayer.framework in Frameworks */ = {isa = PBXBuildFile; fileRef = 3683C34E1DE82F1200995ADB /* MediaPlayer.framework */; };
		3683C3511DE82F1A00995ADB /* StoreKit.framework in Frameworks */ = {isa = PBXBuildFile; fileRef = 3683C3501DE82F1A00995ADB /* StoreKit.framework */; };
		3683C3581DE8A11100995ADB /* logo@2x.png in Resources */ = {isa = PBXBuildFile; fileRef = 3683C3561DE8A11100995ADB /* logo@2x.png */; };
		3683C3591DE8A11100995ADB /* logo@3x.png in Resources */ = {isa = PBXBuildFile; fileRef = 3683C3571DE8A11100995ADB /* logo@3x.png */; };
		36A3A95F1E094F5700EC0566 /* RealmSwift.framework in Frameworks */ = {isa = PBXBuildFile; fileRef = 36C60F841DF6CDE80036D054 /* RealmSwift.framework */; };
		36A3A9601E094F7500EC0566 /* Realm.framework in Frameworks */ = {isa = PBXBuildFile; fileRef = 36C60F831DF6CDE80036D054 /* Realm.framework */; };
		36A3A9621E096B0D00EC0566 /* RealmSwift.framework in Frameworks */ = {isa = PBXBuildFile; fileRef = 36A3A9611E096B0D00EC0566 /* RealmSwift.framework */; };
		36A3A9641E096B1B00EC0566 /* Realm.framework in Frameworks */ = {isa = PBXBuildFile; fileRef = 36A3A9631E096B1B00EC0566 /* Realm.framework */; };
		36C60F9C1DF6E6520036D054 /* PornHistory.swift in Sources */ = {isa = PBXBuildFile; fileRef = 36C60F9B1DF6E6520036D054 /* PornHistory.swift */; };
		36C60F9E1DFA5E2F0036D054 /* HistoryViewController.swift in Sources */ = {isa = PBXBuildFile; fileRef = 36C60F9D1DFA5E2F0036D054 /* HistoryViewController.swift */; };
		36E105131DF5936A004095A4 /* AboutViewController.swift in Sources */ = {isa = PBXBuildFile; fileRef = 36E105121DF5936A004095A4 /* AboutViewController.swift */; };
/* End PBXBuildFile section */

/* Begin PBXContainerItemProxy section */
		3683C32A1DE6F6B800995ADB /* PBXContainerItemProxy */ = {
			isa = PBXContainerItemProxy;
			containerPortal = 3683C30D1DE6F6B700995ADB /* Project object */;
			proxyType = 1;
			remoteGlobalIDString = 3683C3141DE6F6B700995ADB;
			remoteInfo = porrrrrrn;
		};
		3683C3351DE6F6B800995ADB /* PBXContainerItemProxy */ = {
			isa = PBXContainerItemProxy;
			containerPortal = 3683C30D1DE6F6B700995ADB /* Project object */;
			proxyType = 1;
			remoteGlobalIDString = 3683C3141DE6F6B700995ADB;
			remoteInfo = porrrrrrn;
		};
/* End PBXContainerItemProxy section */

/* Begin PBXFileReference section */
		3613D3931DE98B05000C8392 /* GoogleMobileAdsSdkiOS-7.15.0 */ = {isa = PBXFileReference; lastKnownFileType = folder; path = "GoogleMobileAdsSdkiOS-7.15.0"; sourceTree = "<group>"; };
		3613D3951DE98C0F000C8392 /* AdSupport.framework */ = {isa = PBXFileReference; lastKnownFileType = wrapper.framework; name = AdSupport.framework; path = System/Library/Frameworks/AdSupport.framework; sourceTree = SDKROOT; };
		3613D3971DE98C1B000C8392 /* AudioToolbox.framework */ = {isa = PBXFileReference; lastKnownFileType = wrapper.framework; name = AudioToolbox.framework; path = System/Library/Frameworks/AudioToolbox.framework; sourceTree = SDKROOT; };
		3613D3991DE98C35000C8392 /* CoreGraphics.framework */ = {isa = PBXFileReference; lastKnownFileType = wrapper.framework; name = CoreGraphics.framework; path = System/Library/Frameworks/CoreGraphics.framework; sourceTree = SDKROOT; };
		3613D39B1DE98C42000C8392 /* CoreTelephony.framework */ = {isa = PBXFileReference; lastKnownFileType = wrapper.framework; name = CoreTelephony.framework; path = System/Library/Frameworks/CoreTelephony.framework; sourceTree = SDKROOT; };
		3613D39D1DE98C4F000C8392 /* EventKit.framework */ = {isa = PBXFileReference; lastKnownFileType = wrapper.framework; name = EventKit.framework; path = System/Library/Frameworks/EventKit.framework; sourceTree = SDKROOT; };
		3613D39F1DE98C59000C8392 /* EventKitUI.framework */ = {isa = PBXFileReference; lastKnownFileType = wrapper.framework; name = EventKitUI.framework; path = System/Library/Frameworks/EventKitUI.framework; sourceTree = SDKROOT; };
		3613D3A11DE98C66000C8392 /* MessageUI.framework */ = {isa = PBXFileReference; lastKnownFileType = wrapper.framework; name = MessageUI.framework; path = System/Library/Frameworks/MessageUI.framework; sourceTree = SDKROOT; };
		3613D3A31DE98C76000C8392 /* SystemConfiguration.framework */ = {isa = PBXFileReference; lastKnownFileType = wrapper.framework; name = SystemConfiguration.framework; path = System/Library/Frameworks/SystemConfiguration.framework; sourceTree = SDKROOT; };
		3613D3A51DE99346000C8392 /* GoogleMobileAds.framework */ = {isa = PBXFileReference; lastKnownFileType = wrapper.framework; name = GoogleMobileAds.framework; path = "GoogleMobileAdsSdkiOS-7.15.0/GoogleMobileAds.framework"; sourceTree = "<group>"; };
		3613D3A71DE9EFBE000C8392 /* reset@2x.png */ = {isa = PBXFileReference; lastKnownFileType = image.png; path = "reset@2x.png"; sourceTree = "<group>"; };
		3613D3A81DE9EFBE000C8392 /* reset@3x.png */ = {isa = PBXFileReference; lastKnownFileType = image.png; path = "reset@3x.png"; sourceTree = "<group>"; };
		3613D3B81DEC2414000C8392 /* initial_logo@2x.jpg */ = {isa = PBXFileReference; lastKnownFileType = image.jpeg; path = "initial_logo@2x.jpg"; sourceTree = "<group>"; };
		3613D3B91DEC2414000C8392 /* initial_logo@3x.jpg */ = {isa = PBXFileReference; lastKnownFileType = image.jpeg; path = "initial_logo@3x.jpg"; sourceTree = "<group>"; };
		3613D3BC1DEC9936000C8392 /* porn.m4a */ = {isa = PBXFileReference; lastKnownFileType = file; path = porn.m4a; sourceTree = "<group>"; };
		362BAE6A1E069EAF002F17AB /* kai@2x.png */ = {isa = PBXFileReference; lastKnownFileType = image.png; path = "kai@2x.png"; sourceTree = "<group>"; };
		362BAE6B1E069EAF002F17AB /* kai@3x.png */ = {isa = PBXFileReference; lastKnownFileType = image.png; path = "kai@3x.png"; sourceTree = "<group>"; };
		362BAE7A1E089DB0002F17AB /* porn@2x.png */ = {isa = PBXFileReference; lastKnownFileType = image.png; path = "porn@2x.png"; sourceTree = "<group>"; };
		362BAE7B1E089DB0002F17AB /* porn@3x.png */ = {isa = PBXFileReference; lastKnownFileType = image.png; path = "porn@3x.png"; sourceTree = "<group>"; };
		362BAE7E1E090141002F17AB /* history@2x.png */ = {isa = PBXFileReference; lastKnownFileType = image.png; path = "history@2x.png"; sourceTree = "<group>"; };
		362BAE7F1E090141002F17AB /* history@3x.png */ = {isa = PBXFileReference; lastKnownFileType = image.png; path = "history@3x.png"; sourceTree = "<group>"; };
		3683C3151DE6F6B700995ADB /* porrrrrrn.app */ = {isa = PBXFileReference; explicitFileType = wrapper.application; includeInIndex = 0; path = porrrrrrn.app; sourceTree = BUILT_PRODUCTS_DIR; };
		3683C3181DE6F6B700995ADB /* AppDelegate.swift */ = {isa = PBXFileReference; lastKnownFileType = sourcecode.swift; path = AppDelegate.swift; sourceTree = "<group>"; };
		3683C31A1DE6F6B700995ADB /* ViewController.swift */ = {isa = PBXFileReference; lastKnownFileType = sourcecode.swift; path = ViewController.swift; sourceTree = "<group>"; };
		3683C31D1DE6F6B700995ADB /* Base */ = {isa = PBXFileReference; lastKnownFileType = file.storyboard; name = Base; path = Base.lproj/Main.storyboard; sourceTree = "<group>"; };
		3683C31F1DE6F6B700995ADB /* Assets.xcassets */ = {isa = PBXFileReference; lastKnownFileType = folder.assetcatalog; name = Assets.xcassets; path = porrrrrrn/Assets.xcassets; sourceTree = "<group>"; };
		3683C3221DE6F6B700995ADB /* Base */ = {isa = PBXFileReference; lastKnownFileType = file.storyboard; name = Base; path = Base.lproj/LaunchScreen.storyboard; sourceTree = "<group>"; };
		3683C3241DE6F6B700995ADB /* Info.plist */ = {isa = PBXFileReference; lastKnownFileType = text.plist.xml; path = Info.plist; sourceTree = "<group>"; };
		3683C3291DE6F6B800995ADB /* porrrrrrnTests.xctest */ = {isa = PBXFileReference; explicitFileType = wrapper.cfbundle; includeInIndex = 0; path = porrrrrrnTests.xctest; sourceTree = BUILT_PRODUCTS_DIR; };
		3683C32D1DE6F6B800995ADB /* porrrrrrnTests.swift */ = {isa = PBXFileReference; lastKnownFileType = sourcecode.swift; path = porrrrrrnTests.swift; sourceTree = "<group>"; };
		3683C32F1DE6F6B800995ADB /* Info.plist */ = {isa = PBXFileReference; lastKnownFileType = text.plist.xml; path = Info.plist; sourceTree = "<group>"; };
		3683C3341DE6F6B800995ADB /* porrrrrrnUITests.xctest */ = {isa = PBXFileReference; explicitFileType = wrapper.cfbundle; includeInIndex = 0; path = porrrrrrnUITests.xctest; sourceTree = BUILT_PRODUCTS_DIR; };
		3683C3381DE6F6B800995ADB /* porrrrrrnUITests.swift */ = {isa = PBXFileReference; lastKnownFileType = sourcecode.swift; path = porrrrrrnUITests.swift; sourceTree = "<group>"; };
		3683C33A1DE6F6B800995ADB /* Info.plist */ = {isa = PBXFileReference; lastKnownFileType = text.plist.xml; path = Info.plist; sourceTree = "<group>"; };
		3683C3481DE7E99E00995ADB /* AVFoundation.framework */ = {isa = PBXFileReference; lastKnownFileType = wrapper.framework; name = AVFoundation.framework; path = System/Library/Frameworks/AVFoundation.framework; sourceTree = SDKROOT; };
		3683C34E1DE82F1200995ADB /* MediaPlayer.framework */ = {isa = PBXFileReference; lastKnownFileType = wrapper.framework; name = MediaPlayer.framework; path = System/Library/Frameworks/MediaPlayer.framework; sourceTree = SDKROOT; };
		3683C3501DE82F1A00995ADB /* StoreKit.framework */ = {isa = PBXFileReference; lastKnownFileType = wrapper.framework; name = StoreKit.framework; path = System/Library/Frameworks/StoreKit.framework; sourceTree = SDKROOT; };
		3683C3561DE8A11100995ADB /* logo@2x.png */ = {isa = PBXFileReference; lastKnownFileType = image.png; path = "logo@2x.png"; sourceTree = "<group>"; };
		3683C3571DE8A11100995ADB /* logo@3x.png */ = {isa = PBXFileReference; lastKnownFileType = image.png; path = "logo@3x.png"; sourceTree = "<group>"; };
		36A3A9611E096B0D00EC0566 /* RealmSwift.framework */ = {isa = PBXFileReference; lastKnownFileType = wrapper.framework; name = RealmSwift.framework; path = Carthage/Build/iOS/RealmSwift.framework; sourceTree = "<group>"; };
		36A3A9631E096B1B00EC0566 /* Realm.framework */ = {isa = PBXFileReference; lastKnownFileType = wrapper.framework; name = Realm.framework; path = Carthage/Build/iOS/Realm.framework; sourceTree = "<group>"; };
		36C60F831DF6CDE80036D054 /* Realm.framework */ = {isa = PBXFileReference; lastKnownFileType = wrapper.framework; name = Realm.framework; path = ../../../Carthage/Build/iOS/Realm.framework; sourceTree = "<group>"; };
		36C60F841DF6CDE80036D054 /* RealmSwift.framework */ = {isa = PBXFileReference; lastKnownFileType = wrapper.framework; name = RealmSwift.framework; path = ../../../Carthage/Build/iOS/RealmSwift.framework; sourceTree = "<group>"; };
		36C60F881DF6CFDB0036D054 /* Realm.framework */ = {isa = PBXFileReference; lastKnownFileType = wrapper.framework; name = Realm.framework; path = Carthage/Build/iOS/Realm.framework; sourceTree = "<group>"; };
		36C60F8A1DF6CFF30036D054 /* RealmSwift.framework */ = {isa = PBXFileReference; lastKnownFileType = wrapper.framework; name = RealmSwift.framework; path = Carthage/Build/iOS/RealmSwift.framework; sourceTree = "<group>"; };
		36C60F981DF6E6130036D054 /* RealmSwift.framework.dSYM */ = {isa = PBXFileReference; lastKnownFileType = wrapper.dsym; name = RealmSwift.framework.dSYM; path = Carthage/Build/iOS/RealmSwift.framework.dSYM; sourceTree = "<group>"; };
		36C60F9B1DF6E6520036D054 /* PornHistory.swift */ = {isa = PBXFileReference; fileEncoding = 4; lastKnownFileType = sourcecode.swift; path = PornHistory.swift; sourceTree = "<group>"; };
		36C60F9D1DFA5E2F0036D054 /* HistoryViewController.swift */ = {isa = PBXFileReference; fileEncoding = 4; lastKnownFileType = sourcecode.swift; path = HistoryViewController.swift; sourceTree = "<group>"; };
		36E105121DF5936A004095A4 /* AboutViewController.swift */ = {isa = PBXFileReference; fileEncoding = 4; lastKnownFileType = sourcecode.swift; path = AboutViewController.swift; sourceTree = "<group>"; };
/* End PBXFileReference section */

/* Begin PBXFrameworksBuildPhase section */
		3683C3121DE6F6B700995ADB /* Frameworks */ = {
			isa = PBXFrameworksBuildPhase;
			buildActionMask = 2147483647;
			files = (
				36A3A9601E094F7500EC0566 /* Realm.framework in Frameworks */,
				36A3A95F1E094F5700EC0566 /* RealmSwift.framework in Frameworks */,
				3613D3A61DE99346000C8392 /* GoogleMobileAds.framework in Frameworks */,
				3613D3A41DE98C76000C8392 /* SystemConfiguration.framework in Frameworks */,
				3613D3A21DE98C66000C8392 /* MessageUI.framework in Frameworks */,
				3613D3A01DE98C59000C8392 /* EventKitUI.framework in Frameworks */,
				3613D39E1DE98C4F000C8392 /* EventKit.framework in Frameworks */,
				3613D39C1DE98C42000C8392 /* CoreTelephony.framework in Frameworks */,
				3613D39A1DE98C35000C8392 /* CoreGraphics.framework in Frameworks */,
				3683C3491DE7E99E00995ADB /* AVFoundation.framework in Frameworks */,
				3613D3981DE98C1B000C8392 /* AudioToolbox.framework in Frameworks */,
				36A3A9621E096B0D00EC0566 /* RealmSwift.framework in Frameworks */,
				36A3A9641E096B1B00EC0566 /* Realm.framework in Frameworks */,
				3613D3961DE98C10000C8392 /* AdSupport.framework in Frameworks */,
				3683C3511DE82F1A00995ADB /* StoreKit.framework in Frameworks */,
				3683C34F1DE82F1200995ADB /* MediaPlayer.framework in Frameworks */,
			);
			runOnlyForDeploymentPostprocessing = 0;
		};
		3683C3261DE6F6B800995ADB /* Frameworks */ = {
			isa = PBXFrameworksBuildPhase;
			buildActionMask = 2147483647;
			files = (
			);
			runOnlyForDeploymentPostprocessing = 0;
		};
		3683C3311DE6F6B800995ADB /* Frameworks */ = {
			isa = PBXFrameworksBuildPhase;
			buildActionMask = 2147483647;
			files = (
			);
			runOnlyForDeploymentPostprocessing = 0;
		};
/* End PBXFrameworksBuildPhase section */

/* Begin PBXGroup section */
		3683C30C1DE6F6B700995ADB = {
			isa = PBXGroup;
			children = (
				36A3A9631E096B1B00EC0566 /* Realm.framework */,
				36A3A9611E096B0D00EC0566 /* RealmSwift.framework */,
				3683C31F1DE6F6B700995ADB /* Assets.xcassets */,
				3613D3931DE98B05000C8392 /* GoogleMobileAdsSdkiOS-7.15.0 */,
				3683C3171DE6F6B700995ADB /* porrrrrrn */,
				3683C32C1DE6F6B800995ADB /* porrrrrrnTests */,
				3683C3371DE6F6B800995ADB /* porrrrrrnUITests */,
				3683C3161DE6F6B700995ADB /* Products */,
				3683C3471DE7E99D00995ADB /* Frameworks */,
			);
			sourceTree = "<group>";
		};
		3683C3161DE6F6B700995ADB /* Products */ = {
			isa = PBXGroup;
			children = (
				3683C3151DE6F6B700995ADB /* porrrrrrn.app */,
				3683C3291DE6F6B800995ADB /* porrrrrrnTests.xctest */,
				3683C3341DE6F6B800995ADB /* porrrrrrnUITests.xctest */,
			);
			name = Products;
			sourceTree = "<group>";
		};
		3683C3171DE6F6B700995ADB /* porrrrrrn */ = {
			isa = PBXGroup;
			children = (
				3683C3181DE6F6B700995ADB /* AppDelegate.swift */,
				3683C31A1DE6F6B700995ADB /* ViewController.swift */,
				36E105121DF5936A004095A4 /* AboutViewController.swift */,
				36C60F9D1DFA5E2F0036D054 /* HistoryViewController.swift */,
				36C60F9B1DF6E6520036D054 /* PornHistory.swift */,
				3683C31C1DE6F6B700995ADB /* Main.storyboard */,
				3683C3211DE6F6B700995ADB /* LaunchScreen.storyboard */,
				3683C3241DE6F6B700995ADB /* Info.plist */,
				3683C3561DE8A11100995ADB /* logo@2x.png */,
				3683C3571DE8A11100995ADB /* logo@3x.png */,
				362BAE6A1E069EAF002F17AB /* kai@2x.png */,
				362BAE6B1E069EAF002F17AB /* kai@3x.png */,
				3613D3A71DE9EFBE000C8392 /* reset@2x.png */,
				3613D3A81DE9EFBE000C8392 /* reset@3x.png */,
				3613D3BC1DEC9936000C8392 /* porn.m4a */,
				3613D3B81DEC2414000C8392 /* initial_logo@2x.jpg */,
				3613D3B91DEC2414000C8392 /* initial_logo@3x.jpg */,
				362BAE7A1E089DB0002F17AB /* porn@2x.png */,
				362BAE7B1E089DB0002F17AB /* porn@3x.png */,
				362BAE7E1E090141002F17AB /* history@2x.png */,
				362BAE7F1E090141002F17AB /* history@3x.png */,
			);
			path = porrrrrrn;
			sourceTree = "<group>";
		};
		3683C32C1DE6F6B800995ADB /* porrrrrrnTests */ = {
			isa = PBXGroup;
			children = (
				3683C32D1DE6F6B800995ADB /* porrrrrrnTests.swift */,
				3683C32F1DE6F6B800995ADB /* Info.plist */,
			);
			path = porrrrrrnTests;
			sourceTree = "<group>";
		};
		3683C3371DE6F6B800995ADB /* porrrrrrnUITests */ = {
			isa = PBXGroup;
			children = (
				3683C3381DE6F6B800995ADB /* porrrrrrnUITests.swift */,
				3683C33A1DE6F6B800995ADB /* Info.plist */,
			);
			path = porrrrrrnUITests;
			sourceTree = "<group>";
		};
		3683C3471DE7E99D00995ADB /* Frameworks */ = {
			isa = PBXGroup;
			children = (
				36C60F981DF6E6130036D054 /* RealmSwift.framework.dSYM */,
				36C60F8A1DF6CFF30036D054 /* RealmSwift.framework */,
				36C60F881DF6CFDB0036D054 /* Realm.framework */,
				36C60F831DF6CDE80036D054 /* Realm.framework */,
				36C60F841DF6CDE80036D054 /* RealmSwift.framework */,
				3613D3A51DE99346000C8392 /* GoogleMobileAds.framework */,
				3613D3A31DE98C76000C8392 /* SystemConfiguration.framework */,
				3613D3A11DE98C66000C8392 /* MessageUI.framework */,
				3613D39F1DE98C59000C8392 /* EventKitUI.framework */,
				3613D39D1DE98C4F000C8392 /* EventKit.framework */,
				3613D39B1DE98C42000C8392 /* CoreTelephony.framework */,
				3613D3991DE98C35000C8392 /* CoreGraphics.framework */,
				3613D3971DE98C1B000C8392 /* AudioToolbox.framework */,
				3613D3951DE98C0F000C8392 /* AdSupport.framework */,
				3683C3501DE82F1A00995ADB /* StoreKit.framework */,
				3683C34E1DE82F1200995ADB /* MediaPlayer.framework */,
				3683C3481DE7E99E00995ADB /* AVFoundation.framework */,
			);
			name = Frameworks;
			sourceTree = "<group>";
		};
/* End PBXGroup section */

/* Begin PBXNativeTarget section */
		3683C3141DE6F6B700995ADB /* porrrrrrn */ = {
			isa = PBXNativeTarget;
			buildConfigurationList = 3683C33D1DE6F6B800995ADB /* Build configuration list for PBXNativeTarget "porrrrrrn" */;
			buildPhases = (
				3683C3111DE6F6B700995ADB /* Sources */,
				3683C3121DE6F6B700995ADB /* Frameworks */,
				3683C3131DE6F6B700995ADB /* Resources */,
				36C60F871DF6CE280036D054 /* ShellScript */,
			);
			buildRules = (
			);
			dependencies = (
			);
			name = porrrrrrn;
			productName = porrrrrrn;
			productReference = 3683C3151DE6F6B700995ADB /* porrrrrrn.app */;
			productType = "com.apple.product-type.application";
		};
		3683C3281DE6F6B800995ADB /* porrrrrrnTests */ = {
			isa = PBXNativeTarget;
			buildConfigurationList = 3683C3401DE6F6B800995ADB /* Build configuration list for PBXNativeTarget "porrrrrrnTests" */;
			buildPhases = (
				3683C3251DE6F6B800995ADB /* Sources */,
				3683C3261DE6F6B800995ADB /* Frameworks */,
				3683C3271DE6F6B800995ADB /* Resources */,
			);
			buildRules = (
			);
			dependencies = (
				3683C32B1DE6F6B800995ADB /* PBXTargetDependency */,
			);
			name = porrrrrrnTests;
			productName = porrrrrrnTests;
			productReference = 3683C3291DE6F6B800995ADB /* porrrrrrnTests.xctest */;
			productType = "com.apple.product-type.bundle.unit-test";
		};
		3683C3331DE6F6B800995ADB /* porrrrrrnUITests */ = {
			isa = PBXNativeTarget;
			buildConfigurationList = 3683C3431DE6F6B800995ADB /* Build configuration list for PBXNativeTarget "porrrrrrnUITests" */;
			buildPhases = (
				3683C3301DE6F6B800995ADB /* Sources */,
				3683C3311DE6F6B800995ADB /* Frameworks */,
				3683C3321DE6F6B800995ADB /* Resources */,
			);
			buildRules = (
			);
			dependencies = (
				3683C3361DE6F6B800995ADB /* PBXTargetDependency */,
			);
			name = porrrrrrnUITests;
			productName = porrrrrrnUITests;
			productReference = 3683C3341DE6F6B800995ADB /* porrrrrrnUITests.xctest */;
			productType = "com.apple.product-type.bundle.ui-testing";
		};
/* End PBXNativeTarget section */

/* Begin PBXProject section */
		3683C30D1DE6F6B700995ADB /* Project object */ = {
			isa = PBXProject;
			attributes = {
				LastSwiftUpdateCheck = 0810;
				LastUpgradeCheck = 0810;
				ORGANIZATIONNAME = "Masaki Horimoto";
				TargetAttributes = {
					3683C3141DE6F6B700995ADB = {
						CreatedOnToolsVersion = 8.1;
						DevelopmentTeam = WBV73EJ8V2;
						ProvisioningStyle = Automatic;
					};
					3683C3281DE6F6B800995ADB = {
						CreatedOnToolsVersion = 8.1;
						DevelopmentTeam = WBV73EJ8V2;
						ProvisioningStyle = Automatic;
						TestTargetID = 3683C3141DE6F6B700995ADB;
					};
					3683C3331DE6F6B800995ADB = {
						CreatedOnToolsVersion = 8.1;
						DevelopmentTeam = WBV73EJ8V2;
						ProvisioningStyle = Automatic;
						TestTargetID = 3683C3141DE6F6B700995ADB;
					};
				};
			};
			buildConfigurationList = 3683C3101DE6F6B700995ADB /* Build configuration list for PBXProject "porrrrrrn" */;
			compatibilityVersion = "Xcode 3.2";
			developmentRegion = English;
			hasScannedForEncodings = 0;
			knownRegions = (
				en,
				Base,
			);
			mainGroup = 3683C30C1DE6F6B700995ADB;
			productRefGroup = 3683C3161DE6F6B700995ADB /* Products */;
			projectDirPath = "";
			projectRoot = "";
			targets = (
				3683C3141DE6F6B700995ADB /* porrrrrrn */,
				3683C3281DE6F6B800995ADB /* porrrrrrnTests */,
				3683C3331DE6F6B800995ADB /* porrrrrrnUITests */,
			);
		};
/* End PBXProject section */

/* Begin PBXResourcesBuildPhase section */
		3683C3131DE6F6B700995ADB /* Resources */ = {
			isa = PBXResourcesBuildPhase;
			buildActionMask = 2147483647;
			files = (
				362BAE7D1E089DB0002F17AB /* porn@3x.png in Resources */,
				3613D3A91DE9EFBE000C8392 /* reset@2x.png in Resources */,
				362BAE7C1E089DB0002F17AB /* porn@2x.png in Resources */,
				3613D3BD1DEC99CE000C8392 /* porn.m4a in Resources */,
				3683C3591DE8A11100995ADB /* logo@3x.png in Resources */,
				3683C3581DE8A11100995ADB /* logo@2x.png in Resources */,
				362BAE801E090141002F17AB /* history@2x.png in Resources */,
				3613D3BA1DEC2414000C8392 /* initial_logo@2x.jpg in Resources */,
				362BAE6D1E069EAF002F17AB /* kai@3x.png in Resources */,
				3683C3231DE6F6B700995ADB /* LaunchScreen.storyboard in Resources */,
				3683C3201DE6F6B700995ADB /* Assets.xcassets in Resources */,
				362BAE6C1E069EAF002F17AB /* kai@2x.png in Resources */,
				3613D3BB1DEC2414000C8392 /* initial_logo@3x.jpg in Resources */,
				3683C31E1DE6F6B700995ADB /* Main.storyboard in Resources */,
				362BAE811E090141002F17AB /* history@3x.png in Resources */,
				3613D3AA1DE9EFBE000C8392 /* reset@3x.png in Resources */,
			);
			runOnlyForDeploymentPostprocessing = 0;
		};
		3683C3271DE6F6B800995ADB /* Resources */ = {
			isa = PBXResourcesBuildPhase;
			buildActionMask = 2147483647;
			files = (
			);
			runOnlyForDeploymentPostprocessing = 0;
		};
		3683C3321DE6F6B800995ADB /* Resources */ = {
			isa = PBXResourcesBuildPhase;
			buildActionMask = 2147483647;
			files = (
			);
			runOnlyForDeploymentPostprocessing = 0;
		};
/* End PBXResourcesBuildPhase section */

/* Begin PBXShellScriptBuildPhase section */
		36C60F871DF6CE280036D054 /* ShellScript */ = {
			isa = PBXShellScriptBuildPhase;
			buildActionMask = 12;
			files = (
			);
			inputPaths = (
				"$(SRCROOT)/Carthage/Build/iOS/Realm.framework",
				"$(SRCROOT)/Carthage/Build/iOS/RealmSwift.framework",
			);
			outputPaths = (
			);
			runOnlyForDeploymentPostprocessing = 0;
			shellPath = /bin/sh;
			shellScript = "/usr/local/bin/carthage copy-frameworks";
		};
/* End PBXShellScriptBuildPhase section */

/* Begin PBXSourcesBuildPhase section */
		3683C3111DE6F6B700995ADB /* Sources */ = {
			isa = PBXSourcesBuildPhase;
			buildActionMask = 2147483647;
			files = (
				36E105131DF5936A004095A4 /* AboutViewController.swift in Sources */,
				36C60F9C1DF6E6520036D054 /* PornHistory.swift in Sources */,
				3683C31B1DE6F6B700995ADB /* ViewController.swift in Sources */,
				36C60F9E1DFA5E2F0036D054 /* HistoryViewController.swift in Sources */,
				3683C3191DE6F6B700995ADB /* AppDelegate.swift in Sources */,
			);
			runOnlyForDeploymentPostprocessing = 0;
		};
		3683C3251DE6F6B800995ADB /* Sources */ = {
			isa = PBXSourcesBuildPhase;
			buildActionMask = 2147483647;
			files = (
				3683C32E1DE6F6B800995ADB /* porrrrrrnTests.swift in Sources */,
			);
			runOnlyForDeploymentPostprocessing = 0;
		};
		3683C3301DE6F6B800995ADB /* Sources */ = {
			isa = PBXSourcesBuildPhase;
			buildActionMask = 2147483647;
			files = (
				3683C3391DE6F6B800995ADB /* porrrrrrnUITests.swift in Sources */,
			);
			runOnlyForDeploymentPostprocessing = 0;
		};
/* End PBXSourcesBuildPhase section */

/* Begin PBXTargetDependency section */
		3683C32B1DE6F6B800995ADB /* PBXTargetDependency */ = {
			isa = PBXTargetDependency;
			target = 3683C3141DE6F6B700995ADB /* porrrrrrn */;
			targetProxy = 3683C32A1DE6F6B800995ADB /* PBXContainerItemProxy */;
		};
		3683C3361DE6F6B800995ADB /* PBXTargetDependency */ = {
			isa = PBXTargetDependency;
			target = 3683C3141DE6F6B700995ADB /* porrrrrrn */;
			targetProxy = 3683C3351DE6F6B800995ADB /* PBXContainerItemProxy */;
		};
/* End PBXTargetDependency section */

/* Begin PBXVariantGroup section */
		3683C31C1DE6F6B700995ADB /* Main.storyboard */ = {
			isa = PBXVariantGroup;
			children = (
				3683C31D1DE6F6B700995ADB /* Base */,
			);
			name = Main.storyboard;
			sourceTree = "<group>";
		};
		3683C3211DE6F6B700995ADB /* LaunchScreen.storyboard */ = {
			isa = PBXVariantGroup;
			children = (
				3683C3221DE6F6B700995ADB /* Base */,
			);
			name = LaunchScreen.storyboard;
			sourceTree = "<group>";
		};
/* End PBXVariantGroup section */

/* Begin XCBuildConfiguration section */
		3683C33B1DE6F6B800995ADB /* Debug */ = {
			isa = XCBuildConfiguration;
			buildSettings = {
				ALWAYS_SEARCH_USER_PATHS = NO;
				CLANG_ANALYZER_NONNULL = YES;
				CLANG_CXX_LANGUAGE_STANDARD = "gnu++0x";
				CLANG_CXX_LIBRARY = "libc++";
				CLANG_ENABLE_MODULES = YES;
				CLANG_ENABLE_OBJC_ARC = YES;
				CLANG_WARN_BOOL_CONVERSION = YES;
				CLANG_WARN_CONSTANT_CONVERSION = YES;
				CLANG_WARN_DIRECT_OBJC_ISA_USAGE = YES_ERROR;
				CLANG_WARN_DOCUMENTATION_COMMENTS = YES;
				CLANG_WARN_EMPTY_BODY = YES;
				CLANG_WARN_ENUM_CONVERSION = YES;
				CLANG_WARN_INFINITE_RECURSION = YES;
				CLANG_WARN_INT_CONVERSION = YES;
				CLANG_WARN_OBJC_ROOT_CLASS = YES_ERROR;
				CLANG_WARN_SUSPICIOUS_MOVES = YES;
				CLANG_WARN_UNREACHABLE_CODE = YES;
				CLANG_WARN__DUPLICATE_METHOD_MATCH = YES;
				"CODE_SIGN_IDENTITY[sdk=iphoneos*]" = "iPhone Developer";
				COPY_PHASE_STRIP = NO;
				DEBUG_INFORMATION_FORMAT = dwarf;
				ENABLE_STRICT_OBJC_MSGSEND = YES;
				ENABLE_TESTABILITY = YES;
				GCC_C_LANGUAGE_STANDARD = gnu99;
				GCC_DYNAMIC_NO_PIC = NO;
				GCC_NO_COMMON_BLOCKS = YES;
				GCC_OPTIMIZATION_LEVEL = 0;
				GCC_PREPROCESSOR_DEFINITIONS = (
					"DEBUG=1",
					"$(inherited)",
				);
				GCC_WARN_64_TO_32_BIT_CONVERSION = YES;
				GCC_WARN_ABOUT_RETURN_TYPE = YES_ERROR;
				GCC_WARN_UNDECLARED_SELECTOR = YES;
				GCC_WARN_UNINITIALIZED_AUTOS = YES_AGGRESSIVE;
				GCC_WARN_UNUSED_FUNCTION = YES;
				GCC_WARN_UNUSED_VARIABLE = YES;
				IPHONEOS_DEPLOYMENT_TARGET = 9.1;
				MTL_ENABLE_DEBUG_INFO = YES;
				ONLY_ACTIVE_ARCH = YES;
				SDKROOT = iphoneos;
				SWIFT_ACTIVE_COMPILATION_CONDITIONS = DEBUG;
				SWIFT_OPTIMIZATION_LEVEL = "-Onone";
			};
			name = Debug;
		};
		3683C33C1DE6F6B800995ADB /* Release */ = {
			isa = XCBuildConfiguration;
			buildSettings = {
				ALWAYS_SEARCH_USER_PATHS = NO;
				CLANG_ANALYZER_NONNULL = YES;
				CLANG_CXX_LANGUAGE_STANDARD = "gnu++0x";
				CLANG_CXX_LIBRARY = "libc++";
				CLANG_ENABLE_MODULES = YES;
				CLANG_ENABLE_OBJC_ARC = YES;
				CLANG_WARN_BOOL_CONVERSION = YES;
				CLANG_WARN_CONSTANT_CONVERSION = YES;
				CLANG_WARN_DIRECT_OBJC_ISA_USAGE = YES_ERROR;
				CLANG_WARN_DOCUMENTATION_COMMENTS = YES;
				CLANG_WARN_EMPTY_BODY = YES;
				CLANG_WARN_ENUM_CONVERSION = YES;
				CLANG_WARN_INFINITE_RECURSION = YES;
				CLANG_WARN_INT_CONVERSION = YES;
				CLANG_WARN_OBJC_ROOT_CLASS = YES_ERROR;
				CLANG_WARN_SUSPICIOUS_MOVES = YES;
				CLANG_WARN_UNREACHABLE_CODE = YES;
				CLANG_WARN__DUPLICATE_METHOD_MATCH = YES;
				"CODE_SIGN_IDENTITY[sdk=iphoneos*]" = "iPhone Developer";
				COPY_PHASE_STRIP = NO;
				DEBUG_INFORMATION_FORMAT = "dwarf-with-dsym";
				ENABLE_NS_ASSERTIONS = NO;
				ENABLE_STRICT_OBJC_MSGSEND = YES;
				GCC_C_LANGUAGE_STANDARD = gnu99;
				GCC_NO_COMMON_BLOCKS = YES;
				GCC_WARN_64_TO_32_BIT_CONVERSION = YES;
				GCC_WARN_ABOUT_RETURN_TYPE = YES_ERROR;
				GCC_WARN_UNDECLARED_SELECTOR = YES;
				GCC_WARN_UNINITIALIZED_AUTOS = YES_AGGRESSIVE;
				GCC_WARN_UNUSED_FUNCTION = YES;
				GCC_WARN_UNUSED_VARIABLE = YES;
				IPHONEOS_DEPLOYMENT_TARGET = 9.1;
				MTL_ENABLE_DEBUG_INFO = NO;
				SDKROOT = iphoneos;
				SWIFT_OPTIMIZATION_LEVEL = "-Owholemodule";
				VALIDATE_PRODUCT = YES;
			};
			name = Release;
		};
		3683C33E1DE6F6B800995ADB /* Debug */ = {
			isa = XCBuildConfiguration;
			buildSettings = {
				ASSETCATALOG_COMPILER_APPICON_NAME = AppIcon;
				DEVELOPMENT_TEAM = WBV73EJ8V2;
				ENABLE_BITCODE = NO;
				FRAMEWORK_SEARCH_PATHS = (
					"$(inherited)",
					"$(PROJECT_DIR)/GoogleMobileAdsSdkiOS-7.15.0",
					"$(PROJECT_DIR)/Carthage/Build/iOS",
				);
				INFOPLIST_FILE = porrrrrrn/Info.plist;
				LD_RUNPATH_SEARCH_PATHS = "$(inherited) @executable_path/Frameworks";
				PRODUCT_BUNDLE_IDENTIFIER = com.anthrgrnwrld.porrrrrrn;
				PRODUCT_NAME = "$(TARGET_NAME)";
				SWIFT_VERSION = 3.0;
			};
			name = Debug;
		};
		3683C33F1DE6F6B800995ADB /* Release */ = {
			isa = XCBuildConfiguration;
			buildSettings = {
				ASSETCATALOG_COMPILER_APPICON_NAME = AppIcon;
				DEVELOPMENT_TEAM = WBV73EJ8V2;
				ENABLE_BITCODE = NO;
				FRAMEWORK_SEARCH_PATHS = (
					"$(inherited)",
					"$(PROJECT_DIR)/GoogleMobileAdsSdkiOS-7.15.0",
					"$(PROJECT_DIR)/Carthage/Build/iOS",
				);
				INFOPLIST_FILE = porrrrrrn/Info.plist;
				LD_RUNPATH_SEARCH_PATHS = "$(inherited) @executable_path/Frameworks";
				PRODUCT_BUNDLE_IDENTIFIER = com.anthrgrnwrld.porrrrrrn;
				PRODUCT_NAME = "$(TARGET_NAME)";
				SWIFT_VERSION = 3.0;
			};
			name = Release;
		};
		3683C3411DE6F6B800995ADB /* Debug */ = {
			isa = XCBuildConfiguration;
			buildSettings = {
				ALWAYS_EMBED_SWIFT_STANDARD_LIBRARIES = YES;
				BUNDLE_LOADER = "$(TEST_HOST)";
				DEVELOPMENT_TEAM = WBV73EJ8V2;
				INFOPLIST_FILE = porrrrrrnTests/Info.plist;
				LD_RUNPATH_SEARCH_PATHS = "$(inherited) @executable_path/Frameworks @loader_path/Frameworks";
				PRODUCT_BUNDLE_IDENTIFIER = com.anthrgrnwrld.porrrrrrnTests;
				PRODUCT_NAME = "$(TARGET_NAME)";
				SWIFT_VERSION = 3.0;
				TEST_HOST = "$(BUILT_PRODUCTS_DIR)/porrrrrrn.app/porrrrrrn";
			};
			name = Debug;
		};
		3683C3421DE6F6B800995ADB /* Release */ = {
			isa = XCBuildConfiguration;
			buildSettings = {
				ALWAYS_EMBED_SWIFT_STANDARD_LIBRARIES = YES;
				BUNDLE_LOADER = "$(TEST_HOST)";
				DEVELOPMENT_TEAM = WBV73EJ8V2;
				INFOPLIST_FILE = porrrrrrnTests/Info.plist;
				LD_RUNPATH_SEARCH_PATHS = "$(inherited) @executable_path/Frameworks @loader_path/Frameworks";
				PRODUCT_BUNDLE_IDENTIFIER = com.anthrgrnwrld.porrrrrrnTests;
				PRODUCT_NAME = "$(TARGET_NAME)";
				SWIFT_VERSION = 3.0;
				TEST_HOST = "$(BUILT_PRODUCTS_DIR)/porrrrrrn.app/porrrrrrn";
			};
			name = Release;
		};
		3683C3441DE6F6B800995ADB /* Debug */ = {
			isa = XCBuildConfiguration;
			buildSettings = {
				ALWAYS_EMBED_SWIFT_STANDARD_LIBRARIES = YES;
				DEVELOPMENT_TEAM = WBV73EJ8V2;
				INFOPLIST_FILE = porrrrrrnUITests/Info.plist;
				LD_RUNPATH_SEARCH_PATHS = "$(inherited) @executable_path/Frameworks @loader_path/Frameworks";
				PRODUCT_BUNDLE_IDENTIFIER = com.anthrgrnwrld.porrrrrrnUITests;
				PRODUCT_NAME = "$(TARGET_NAME)";
				SWIFT_VERSION = 3.0;
				TEST_TARGET_NAME = porrrrrrn;
			};
			name = Debug;
		};
		3683C3451DE6F6B800995ADB /* Release */ = {
			isa = XCBuildConfiguration;
			buildSettings = {
				ALWAYS_EMBED_SWIFT_STANDARD_LIBRARIES = YES;
				DEVELOPMENT_TEAM = WBV73EJ8V2;
				INFOPLIST_FILE = porrrrrrnUITests/Info.plist;
				LD_RUNPATH_SEARCH_PATHS = "$(inherited) @executable_path/Frameworks @loader_path/Frameworks";
				PRODUCT_BUNDLE_IDENTIFIER = com.anthrgrnwrld.porrrrrrnUITests;
				PRODUCT_NAME = "$(TARGET_NAME)";
				SWIFT_VERSION = 3.0;
				TEST_TARGET_NAME = porrrrrrn;
			};
			name = Release;
		};
/* End XCBuildConfiguration section */

/* Begin XCConfigurationList section */
		3683C3101DE6F6B700995ADB /* Build configuration list for PBXProject "porrrrrrn" */ = {
			isa = XCConfigurationList;
			buildConfigurations = (
				3683C33B1DE6F6B800995ADB /* Debug */,
				3683C33C1DE6F6B800995ADB /* Release */,
			);
			defaultConfigurationIsVisible = 0;
			defaultConfigurationName = Release;
		};
		3683C33D1DE6F6B800995ADB /* Build configuration list for PBXNativeTarget "porrrrrrn" */ = {
			isa = XCConfigurationList;
			buildConfigurations = (
				3683C33E1DE6F6B800995ADB /* Debug */,
				3683C33F1DE6F6B800995ADB /* Release */,
			);
			defaultConfigurationIsVisible = 0;
			defaultConfigurationName = Release;
		};
		3683C3401DE6F6B800995ADB /* Build configuration list for PBXNativeTarget "porrrrrrnTests" */ = {
			isa = XCConfigurationList;
			buildConfigurations = (
				3683C3411DE6F6B800995ADB /* Debug */,
				3683C3421DE6F6B800995ADB /* Release */,
			);
			defaultConfigurationIsVisible = 0;
			defaultConfigurationName = Release;
		};
		3683C3431DE6F6B800995ADB /* Build configuration list for PBXNativeTarget "porrrrrrnUITests" */ = {
			isa = XCConfigurationList;
			buildConfigurations = (
				3683C3441DE6F6B800995ADB /* Debug */,
				3683C3451DE6F6B800995ADB /* Release */,
			);
			defaultConfigurationIsVisible = 0;
			defaultConfigurationName = Release;
		};
/* End XCConfigurationList section */
	};
	rootObject = 3683C30D1DE6F6B700995ADB /* Project object */;
}
